{
  "requires": true,
  "lockfileVersion": 1,
  "dependencies": {
    "@awey/scroller": {
      "version": "1.2.9",
      "resolved": "https://registry.npmjs.org/@awey/scroller/-/scroller-1.2.9.tgz",
      "integrity": "sha512-6nYu4KphvcAzIV6hDqyn1J1baFkq1eTuOQVk+S/8rIYMb9xsr/Ml1fqotNn5AB/2vI92PCqZbOcW6Xb7yyJRDw==",
      "requires": {
        "resize-observer-polyfill": "^1.5.1"
      }
    },
    "admin-ui": {
      "version": "3.3.13",
      "resolved": "https://registry.npmjs.org/admin-ui/-/admin-ui-3.3.13.tgz",
      "integrity": "sha512-0b08q8o5rUS7X9/tX1i2cihjesH9lUaHO62rW7unAZwmYIwzUuzuiG+BcAk0PyVfWWr5IYVDy1nzWALE6A4bcA==",
      "requires": {
        "@awey/scroller": "^1.2.3",
        "resize-detector": "^0.1.9",
        "theme-class-generator": "^1.0.2"
      }
    },
    "froala-editor": {
      "version": "4.0.2",
      "resolved": "https://registry.npmjs.org/froala-editor/-/froala-editor-4.0.2.tgz",
      "integrity": "sha512-BjtAvSzOPWmIvavjBx2Uj/LDAgsLg4hJV0616ejt5ky33tC7wbxYfIBZDqbWueDvyeZE00spOGuU/o1QYmNIAA=="
    },
    "resize-detector": {
      "version": "0.1.10",
      "resolved": "https://registry.npmjs.org/resize-detector/-/resize-detector-0.1.10.tgz",
      "integrity": "sha512-iLcXC8A6Fb0DfA+TRiywrK/0A22bFqkhntjMJMEzXDA4XkcEkfwpNbv7W8iewUiD0xYIaeiXOfiEehTqGKsUFw=="
    },
    "resize-observer-polyfill": {
      "version": "1.5.1",
      "resolved": "https://registry.npmjs.org/resize-observer-polyfill/-/resize-observer-polyfill-1.5.1.tgz",
      "integrity": "sha512-LwZrotdHOo12nQuZlHEmtuXdqGoOD0OhaxopaNFxWzInpEgaLWoVuAMbTzixuosCx2nEG58ngzW3vxdWoxIgdg=="
    },
    "theme-class-generator": {
      "version": "1.0.3",
      "resolved": "https://registry.npmjs.org/theme-class-generator/-/theme-class-generator-1.0.3.tgz",
      "integrity": "sha512-iFRuhgEY1lZu7PFhev/5QuzyPT4/HS/9GBH8mqhGJYS7q5mX8/NnXq8BW6eDaS9wbvTLmjaLDe9c30qHxyWv9w=="
    }
  }
}
